
Microsoft Visual Studio Solution File, Format Version 12.00
# Visual Studio Version 17
VisualStudioVersion = 17.5.33502.453
MinimumVisualStudioVersion = 10.0.40219.1
Project("{FAE04EC0-301F-11D3-BF4B-00C04F79EFBC}") = "ImageToText_Tesseract", "ImageToText_Tesseract\ImageToText_Tesseract.csproj", "{5E52C252-D7D2-4673-BAD0-FCA216825DAD}"
EndProject
Global
	GlobalSection(SolutionConfigurationPlatforms) = preSolution
		Debug|Any CPU = Debug|Any CPU
		Release|Any CPU = Release|Any CPU
	EndGlobalSection
	GlobalSection(ProjectConfigurationPlatforms) = postSolution
		{5E52C252-D7D2-4673-BAD0-FCA216825DAD}.Debug|Any CPU.ActiveCfg = Debug|Any CPU
		{5E52C252-D7D2-4673-BAD0-FCA216825DAD}.Debug|Any CPU.Build.0 = Debug|Any CPU
		{5E52C252-D7D2-4673-BAD0-FCA216825DAD}.Release|Any CPU.ActiveCfg = Release|Any CPU
		{5E52C252-D7D2-4673-BAD0-FCA216825DAD}.Release|Any CPU.Build.0 = Release|Any CPU
	EndGlobalSection
	GlobalSection(SolutionProperties) = preSolution
		HideSolutionNode = FALSE
	EndGlobalSection
	GlobalSection(ExtensibilityGlobals) = postSolution
		SolutionGuid = {9A50C0CD-E736-464F-AD33-4CB42B8F1780}
	EndGlobalSection
EndGlobal
